
Microsoft Visual Studio Solution File, Format Version 12.00
# Visual Studio Version 17
VisualStudioVersion = 17.7.34202.233
MinimumVisualStudioVersion = 10.0.40219.1
Project("{2150E333-8FDC-42A3-9474-1A3956D46DE8}") = "src", "src", "{59FD9164-7D0C-4C89-8896-FAAC7DD5EC53}"
EndProject
Project("{2150E333-8FDC-42A3-9474-1A3956D46DE8}") = "tests", "tests", "{A8A86176-AAA6-4CB3-9172-16A841E32138}"
EndProject
Project("{2150E333-8FDC-42A3-9474-1A3956D46DE8}") = "examples", "examples", "{3B2A9861-652E-4A23-AA07-3B5A6ACF1859}"
EndProject
Project("{2150E333-8FDC-42A3-9474-1A3956D46DE8}") = "data", "data", "{B1ABFEA2-4FD1-42E6-AF2A-ED2DAED00B95}"
	ProjectSection(SolutionItems) = preProject
		examples\data\MockDomainCertData.json = examples\data\MockDomainCertData.json
		examples\data\MockDomainCertOriginalData.json = examples\data\MockDomainCertOriginalData.json
		examples\data\MockEmailToIpData.json = examples\data\MockEmailToIpData.json
		examples\data\MockEmailToIpOriginalData.json = examples\data\MockEmailToIpOriginalData.json
	EndProjectSection
EndProject
Project("{9A19103F-16F7-4668-BE54-9A1E7A4F7556}") = "FusionCache.Example.Domain.Model", "examples\FusionCache.Example.Domain.Data\FusionCache.Example.Domain.Model.csproj", "{A8FA9C7A-83B7-47A6-BC06-EA3C5FCEC092}"
EndProject
Project("{9A19103F-16F7-4668-BE54-9A1E7A4F7556}") = "EventCountersPluginExampleDotNetCore", "examples\EventCountersPluginExampleDotNetCore\EventCountersPluginExampleDotNetCore.csproj", "{00642705-51D1-402A-9749-130CFF041BC2}"
EndProject
Project("{9A19103F-16F7-4668-BE54-9A1E7A4F7556}") = "AppMetricsPluginExampleFrameworkOnAspNetCore", "examples\AppMetricsPluginExampleFrameworkOnAspNetCore\AppMetricsPluginExampleFrameworkOnAspNetCore.csproj", "{9157CC23-95F9-4E88-978F-FE9B566C9C34}"
EndProject
Project("{2150E333-8FDC-42A3-9474-1A3956D46DE8}") = "benchmarks", "benchmarks", "{8A6243FE-A9BE-4DE1-8CB1-EAA510B88BC9}"
EndProject
Project("{2150E333-8FDC-42A3-9474-1A3956D46DE8}") = "superbenchmarker", "superbenchmarker", "{57C63C6C-AB04-4C0B-8F0A-5A289AD9949A}"
	ProjectSection(SolutionItems) = preProject
		examples\superbenchmarker\EmailAddressData.csv = examples\superbenchmarker\EmailAddressData.csv
		examples\superbenchmarker\EmailAddressDataSmallBatch.csv = examples\superbenchmarker\EmailAddressDataSmallBatch.csv
		examples\superbenchmarker\EmailAddressDataSmallBatch2.csv = examples\superbenchmarker\EmailAddressDataSmallBatch2.csv
		examples\superbenchmarker\README.md = examples\superbenchmarker\README.md
	EndProjectSection
EndProject
Project("{9A19103F-16F7-4668-BE54-9A1E7A4F7556}") = "FusionCache.Plugins.Metrics.AppMetrics.Benchmarks", "benchmarks\FusionCache.Plugins.Metrics.AppMetrics.Benchmarks\FusionCache.Plugins.Metrics.AppMetrics.Benchmarks.csproj", "{67D64CE3-B095-40D8-A488-89495D8A49D1}"
EndProject
Project("{9A19103F-16F7-4668-BE54-9A1E7A4F7556}") = "FusionCache.Plugins.Metrics.EventCounters.Benchmarks", "benchmarks\FusionCache.Plugins.Metrics.EventCounters.Benchmarks\FusionCache.Plugins.Metrics.EventCounters.Benchmarks.csproj", "{74A4D290-DEE3-4FE3-82C3-23D73E520490}"
EndProject
Project("{9A19103F-16F7-4668-BE54-9A1E7A4F7556}") = "FusionCache.Plugins.Metrics.AppMetrics", "src\FusionCache.Plugins.Metrics.AppMetrics\FusionCache.Plugins.Metrics.AppMetrics.csproj", "{159967AC-21C8-42FC-BA1C-DB26D551DB42}"
EndProject
Project("{9A19103F-16F7-4668-BE54-9A1E7A4F7556}") = "FusionCache.Plugins.Metrics.Core", "src\FusionCache.Plugins.Metrics.Core\FusionCache.Plugins.Metrics.Core.csproj", "{A0F9508A-91F7-4B4D-A7EB-A19033B1E262}"
EndProject
Project("{9A19103F-16F7-4668-BE54-9A1E7A4F7556}") = "FusionCache.Plugins.Metrics.EventCounters", "src\FusionCache.Plugins.Metrics.EventCounters\FusionCache.Plugins.Metrics.EventCounters.csproj", "{C363221A-B27E-475A-8377-C7B925690BCC}"
EndProject
Project("{9A19103F-16F7-4668-BE54-9A1E7A4F7556}") = "FusionCache.Plugins.Metrics.AppMetrics.Tests", "tests\FusionCache.Plugins.Metrics.AppMetrics.Tests\FusionCache.Plugins.Metrics.AppMetrics.Tests.csproj", "{A72F5BD6-2901-4FAC-8FCE-42323566AC0B}"
EndProject
Project("{9A19103F-16F7-4668-BE54-9A1E7A4F7556}") = "FusionCache.Plugins.Metrics.EventCounters.Tests", "tests\FusionCache.Plugins.Metrics.EventCounters.Tests\FusionCache.Plugins.Metrics.EventCounters.Tests.csproj", "{9534810D-64DC-4D24-A008-B82C5E0D4813}"
EndProject
Project("{9A19103F-16F7-4668-BE54-9A1E7A4F7556}") = "FusionCache.Plugins.Metrics.OpenTelemetry", "src\FusionCache.Plugins.Metrics.OpenTelemetry\FusionCache.Plugins.Metrics.OpenTelemetry.csproj", "{B5898B01-FC82-42B3-A2A2-38DAFE4F13D5}"
EndProject
Project("{9A19103F-16F7-4668-BE54-9A1E7A4F7556}") = "FusionCache.Plugins.Metrics.OpenTelemetry.Tests", "tests\FusionCache.Plugins.Metrics.OpenTelemetry.Tests\FusionCache.Plugins.Metrics.OpenTelemetry.Tests.csproj", "{7CFCF67F-7323-4EA8-AC34-6EF3D2FC401C}"
EndProject
Global
	GlobalSection(SolutionConfigurationPlatforms) = preSolution
		Debug|Any CPU = Debug|Any CPU
		Release|Any CPU = Release|Any CPU
	EndGlobalSection
	GlobalSection(ProjectConfigurationPlatforms) = postSolution
		{A8FA9C7A-83B7-47A6-BC06-EA3C5FCEC092}.Debug|Any CPU.ActiveCfg = Debug|Any CPU
		{A8FA9C7A-83B7-47A6-BC06-EA3C5FCEC092}.Debug|Any CPU.Build.0 = Debug|Any CPU
		{A8FA9C7A-83B7-47A6-BC06-EA3C5FCEC092}.Release|Any CPU.ActiveCfg = Release|Any CPU
		{A8FA9C7A-83B7-47A6-BC06-EA3C5FCEC092}.Release|Any CPU.Build.0 = Release|Any CPU
		{00642705-51D1-402A-9749-130CFF041BC2}.Debug|Any CPU.ActiveCfg = Debug|Any CPU
		{00642705-51D1-402A-9749-130CFF041BC2}.Debug|Any CPU.Build.0 = Debug|Any CPU
		{00642705-51D1-402A-9749-130CFF041BC2}.Release|Any CPU.ActiveCfg = Release|Any CPU
		{00642705-51D1-402A-9749-130CFF041BC2}.Release|Any CPU.Build.0 = Release|Any CPU
		{9157CC23-95F9-4E88-978F-FE9B566C9C34}.Debug|Any CPU.ActiveCfg = Debug|Any CPU
		{9157CC23-95F9-4E88-978F-FE9B566C9C34}.Debug|Any CPU.Build.0 = Debug|Any CPU
		{9157CC23-95F9-4E88-978F-FE9B566C9C34}.Release|Any CPU.ActiveCfg = Release|Any CPU
		{9157CC23-95F9-4E88-978F-FE9B566C9C34}.Release|Any CPU.Build.0 = Release|Any CPU
		{67D64CE3-B095-40D8-A488-89495D8A49D1}.Debug|Any CPU.ActiveCfg = Debug|Any CPU
		{67D64CE3-B095-40D8-A488-89495D8A49D1}.Debug|Any CPU.Build.0 = Debug|Any CPU
		{67D64CE3-B095-40D8-A488-89495D8A49D1}.Release|Any CPU.ActiveCfg = Release|Any CPU
		{67D64CE3-B095-40D8-A488-89495D8A49D1}.Release|Any CPU.Build.0 = Release|Any CPU
		{74A4D290-DEE3-4FE3-82C3-23D73E520490}.Debug|Any CPU.ActiveCfg = Debug|Any CPU
		{74A4D290-DEE3-4FE3-82C3-23D73E520490}.Debug|Any CPU.Build.0 = Debug|Any CPU
		{74A4D290-DEE3-4FE3-82C3-23D73E520490}.Release|Any CPU.ActiveCfg = Release|Any CPU
		{74A4D290-DEE3-4FE3-82C3-23D73E520490}.Release|Any CPU.Build.0 = Release|Any CPU
		{159967AC-21C8-42FC-BA1C-DB26D551DB42}.Debug|Any CPU.ActiveCfg = Debug|Any CPU
		{159967AC-21C8-42FC-BA1C-DB26D551DB42}.Debug|Any CPU.Build.0 = Debug|Any CPU
		{159967AC-21C8-42FC-BA1C-DB26D551DB42}.Release|Any CPU.ActiveCfg = Release|Any CPU
		{159967AC-21C8-42FC-BA1C-DB26D551DB42}.Release|Any CPU.Build.0 = Release|Any CPU
		{A0F9508A-91F7-4B4D-A7EB-A19033B1E262}.Debug|Any CPU.ActiveCfg = Debug|Any CPU
		{A0F9508A-91F7-4B4D-A7EB-A19033B1E262}.Debug|Any CPU.Build.0 = Debug|Any CPU
		{A0F9508A-91F7-4B4D-A7EB-A19033B1E262}.Release|Any CPU.ActiveCfg = Release|Any CPU
		{A0F9508A-91F7-4B4D-A7EB-A19033B1E262}.Release|Any CPU.Build.0 = Release|Any CPU
		{C363221A-B27E-475A-8377-C7B925690BCC}.Debug|Any CPU.ActiveCfg = Debug|Any CPU
		{C363221A-B27E-475A-8377-C7B925690BCC}.Debug|Any CPU.Build.0 = Debug|Any CPU
		{C363221A-B27E-475A-8377-C7B925690BCC}.Release|Any CPU.ActiveCfg = Release|Any CPU
		{C363221A-B27E-475A-8377-C7B925690BCC}.Release|Any CPU.Build.0 = Release|Any CPU
		{A72F5BD6-2901-4FAC-8FCE-42323566AC0B}.Debug|Any CPU.ActiveCfg = Debug|Any CPU
		{A72F5BD6-2901-4FAC-8FCE-42323566AC0B}.Debug|Any CPU.Build.0 = Debug|Any CPU
		{A72F5BD6-2901-4FAC-8FCE-42323566AC0B}.Release|Any CPU.ActiveCfg = Release|Any CPU
		{A72F5BD6-2901-4FAC-8FCE-42323566AC0B}.Release|Any CPU.Build.0 = Release|Any CPU
		{9534810D-64DC-4D24-A008-B82C5E0D4813}.Debug|Any CPU.ActiveCfg = Debug|Any CPU
		{9534810D-64DC-4D24-A008-B82C5E0D4813}.Debug|Any CPU.Build.0 = Debug|Any CPU
		{9534810D-64DC-4D24-A008-B82C5E0D4813}.Release|Any CPU.ActiveCfg = Release|Any CPU
		{9534810D-64DC-4D24-A008-B82C5E0D4813}.Release|Any CPU.Build.0 = Release|Any CPU
		{B5898B01-FC82-42B3-A2A2-38DAFE4F13D5}.Debug|Any CPU.ActiveCfg = Debug|Any CPU
		{B5898B01-FC82-42B3-A2A2-38DAFE4F13D5}.Debug|Any CPU.Build.0 = Debug|Any CPU
		{B5898B01-FC82-42B3-A2A2-38DAFE4F13D5}.Release|Any CPU.ActiveCfg = Release|Any CPU
		{B5898B01-FC82-42B3-A2A2-38DAFE4F13D5}.Release|Any CPU.Build.0 = Release|Any CPU
		{7CFCF67F-7323-4EA8-AC34-6EF3D2FC401C}.Debug|Any CPU.ActiveCfg = Debug|Any CPU
		{7CFCF67F-7323-4EA8-AC34-6EF3D2FC401C}.Debug|Any CPU.Build.0 = Debug|Any CPU
		{7CFCF67F-7323-4EA8-AC34-6EF3D2FC401C}.Release|Any CPU.ActiveCfg = Release|Any CPU
		{7CFCF67F-7323-4EA8-AC34-6EF3D2FC401C}.Release|Any CPU.Build.0 = Release|Any CPU
	EndGlobalSection
	GlobalSection(SolutionProperties) = preSolution
		HideSolutionNode = FALSE
	EndGlobalSection
	GlobalSection(NestedProjects) = preSolution
		{B1ABFEA2-4FD1-42E6-AF2A-ED2DAED00B95} = {3B2A9861-652E-4A23-AA07-3B5A6ACF1859}
		{A8FA9C7A-83B7-47A6-BC06-EA3C5FCEC092} = {3B2A9861-652E-4A23-AA07-3B5A6ACF1859}
		{00642705-51D1-402A-9749-130CFF041BC2} = {3B2A9861-652E-4A23-AA07-3B5A6ACF1859}
		{9157CC23-95F9-4E88-978F-FE9B566C9C34} = {3B2A9861-652E-4A23-AA07-3B5A6ACF1859}
		{57C63C6C-AB04-4C0B-8F0A-5A289AD9949A} = {3B2A9861-652E-4A23-AA07-3B5A6ACF1859}
		{67D64CE3-B095-40D8-A488-89495D8A49D1} = {8A6243FE-A9BE-4DE1-8CB1-EAA510B88BC9}
		{74A4D290-DEE3-4FE3-82C3-23D73E520490} = {8A6243FE-A9BE-4DE1-8CB1-EAA510B88BC9}
		{159967AC-21C8-42FC-BA1C-DB26D551DB42} = {59FD9164-7D0C-4C89-8896-FAAC7DD5EC53}
		{A0F9508A-91F7-4B4D-A7EB-A19033B1E262} = {59FD9164-7D0C-4C89-8896-FAAC7DD5EC53}
		{C363221A-B27E-475A-8377-C7B925690BCC} = {59FD9164-7D0C-4C89-8896-FAAC7DD5EC53}
		{A72F5BD6-2901-4FAC-8FCE-42323566AC0B} = {A8A86176-AAA6-4CB3-9172-16A841E32138}
		{9534810D-64DC-4D24-A008-B82C5E0D4813} = {A8A86176-AAA6-4CB3-9172-16A841E32138}
		{B5898B01-FC82-42B3-A2A2-38DAFE4F13D5} = {59FD9164-7D0C-4C89-8896-FAAC7DD5EC53}
		{7CFCF67F-7323-4EA8-AC34-6EF3D2FC401C} = {A8A86176-AAA6-4CB3-9172-16A841E32138}
	EndGlobalSection
	GlobalSection(ExtensibilityGlobals) = postSolution
		SolutionGuid = {32C4269F-FC33-47FA-91DA-2B6C5DF7D025}
	EndGlobalSection
EndGlobal
