
Microsoft Visual Studio Solution File, Format Version 12.00
# Visual Studio Version 16
VisualStudioVersion = 16.0.31205.134
MinimumVisualStudioVersion = 10.0.40219.1
Project("{9A19103F-16F7-4668-BE54-9A1E7A4F7556}") = "JoeShook.FusionCache.EventCounters.Plugin", "src\JoeShook.FusionCache.EventCounters.Plugin\JoeShook.FusionCache.EventCounters.Plugin.csproj", "{60AFEA2D-651B-462A-A995-0F7C88CD3B9C}"
EndProject
Project("{9A19103F-16F7-4668-BE54-9A1E7A4F7556}") = "ZiggyCreatures.FusionCache.AppMetrics.Plugins", "src\JoeShook.FusionCache.AppMetrics.Plugin\ZiggyCreatures.FusionCache.AppMetrics.Plugins.csproj", "{FA46D07B-CE9A-4C7E-A445-230B0C8D83EB}"
EndProject
Project("{2150E333-8FDC-42A3-9474-1A3956D46DE8}") = "src", "src", "{59FD9164-7D0C-4C89-8896-FAAC7DD5EC53}"
EndProject
Project("{2150E333-8FDC-42A3-9474-1A3956D46DE8}") = "tests", "tests", "{A8A86176-AAA6-4CB3-9172-16A841E32138}"
EndProject
Project("{9A19103F-16F7-4668-BE54-9A1E7A4F7556}") = "FusionCache.EventCounters.Plugin.Tests", "tests\FusionCache.EventCounters.Plugin.Tests\FusionCache.EventCounters.Plugin.Tests.csproj", "{ECF948AA-8D83-4261-8DD1-1E14CD3371E7}"
EndProject
Project("{2150E333-8FDC-42A3-9474-1A3956D46DE8}") = "examples", "examples", "{3B2A9861-652E-4A23-AA07-3B5A6ACF1859}"
EndProject
Project("{2150E333-8FDC-42A3-9474-1A3956D46DE8}") = "data", "data", "{B1ABFEA2-4FD1-42E6-AF2A-ED2DAED00B95}"
	ProjectSection(SolutionItems) = preProject
		examples\data\MockDomainCertData.json = examples\data\MockDomainCertData.json
		examples\data\MockDomainCertOriginalData.json = examples\data\MockDomainCertOriginalData.json
		examples\data\MockEmailToIpData.json = examples\data\MockEmailToIpData.json
		examples\data\MockEmailToIpOriginalData.json = examples\data\MockEmailToIpOriginalData.json
	EndProjectSection
EndProject
Project("{9A19103F-16F7-4668-BE54-9A1E7A4F7556}") = "FusionCache.Example.Domain.Model", "examples\FusionCache.Example.Domain.Data\FusionCache.Example.Domain.Model.csproj", "{A8FA9C7A-83B7-47A6-BC06-EA3C5FCEC092}"
EndProject
Project("{9A19103F-16F7-4668-BE54-9A1E7A4F7556}") = "EventCountersPluginExampleDotNetCore", "examples\EventCountersPluginExampleDotNetCore\EventCountersPluginExampleDotNetCore.csproj", "{00642705-51D1-402A-9749-130CFF041BC2}"
EndProject
Global
	GlobalSection(SolutionConfigurationPlatforms) = preSolution
		Debug|Any CPU = Debug|Any CPU
		Release|Any CPU = Release|Any CPU
	EndGlobalSection
	GlobalSection(ProjectConfigurationPlatforms) = postSolution
		{60AFEA2D-651B-462A-A995-0F7C88CD3B9C}.Debug|Any CPU.ActiveCfg = Debug|Any CPU
		{60AFEA2D-651B-462A-A995-0F7C88CD3B9C}.Debug|Any CPU.Build.0 = Debug|Any CPU
		{60AFEA2D-651B-462A-A995-0F7C88CD3B9C}.Release|Any CPU.ActiveCfg = Release|Any CPU
		{60AFEA2D-651B-462A-A995-0F7C88CD3B9C}.Release|Any CPU.Build.0 = Release|Any CPU
		{FA46D07B-CE9A-4C7E-A445-230B0C8D83EB}.Debug|Any CPU.ActiveCfg = Debug|Any CPU
		{FA46D07B-CE9A-4C7E-A445-230B0C8D83EB}.Debug|Any CPU.Build.0 = Debug|Any CPU
		{FA46D07B-CE9A-4C7E-A445-230B0C8D83EB}.Release|Any CPU.ActiveCfg = Release|Any CPU
		{FA46D07B-CE9A-4C7E-A445-230B0C8D83EB}.Release|Any CPU.Build.0 = Release|Any CPU
		{ECF948AA-8D83-4261-8DD1-1E14CD3371E7}.Debug|Any CPU.ActiveCfg = Debug|Any CPU
		{ECF948AA-8D83-4261-8DD1-1E14CD3371E7}.Debug|Any CPU.Build.0 = Debug|Any CPU
		{ECF948AA-8D83-4261-8DD1-1E14CD3371E7}.Release|Any CPU.ActiveCfg = Release|Any CPU
		{ECF948AA-8D83-4261-8DD1-1E14CD3371E7}.Release|Any CPU.Build.0 = Release|Any CPU
		{A8FA9C7A-83B7-47A6-BC06-EA3C5FCEC092}.Debug|Any CPU.ActiveCfg = Debug|Any CPU
		{A8FA9C7A-83B7-47A6-BC06-EA3C5FCEC092}.Debug|Any CPU.Build.0 = Debug|Any CPU
		{A8FA9C7A-83B7-47A6-BC06-EA3C5FCEC092}.Release|Any CPU.ActiveCfg = Release|Any CPU
		{A8FA9C7A-83B7-47A6-BC06-EA3C5FCEC092}.Release|Any CPU.Build.0 = Release|Any CPU
		{00642705-51D1-402A-9749-130CFF041BC2}.Debug|Any CPU.ActiveCfg = Debug|Any CPU
		{00642705-51D1-402A-9749-130CFF041BC2}.Debug|Any CPU.Build.0 = Debug|Any CPU
		{00642705-51D1-402A-9749-130CFF041BC2}.Release|Any CPU.ActiveCfg = Release|Any CPU
		{00642705-51D1-402A-9749-130CFF041BC2}.Release|Any CPU.Build.0 = Release|Any CPU
	EndGlobalSection
	GlobalSection(SolutionProperties) = preSolution
		HideSolutionNode = FALSE
	EndGlobalSection
	GlobalSection(NestedProjects) = preSolution
		{60AFEA2D-651B-462A-A995-0F7C88CD3B9C} = {59FD9164-7D0C-4C89-8896-FAAC7DD5EC53}
		{FA46D07B-CE9A-4C7E-A445-230B0C8D83EB} = {59FD9164-7D0C-4C89-8896-FAAC7DD5EC53}
		{ECF948AA-8D83-4261-8DD1-1E14CD3371E7} = {A8A86176-AAA6-4CB3-9172-16A841E32138}
		{B1ABFEA2-4FD1-42E6-AF2A-ED2DAED00B95} = {3B2A9861-652E-4A23-AA07-3B5A6ACF1859}
		{A8FA9C7A-83B7-47A6-BC06-EA3C5FCEC092} = {3B2A9861-652E-4A23-AA07-3B5A6ACF1859}
		{00642705-51D1-402A-9749-130CFF041BC2} = {3B2A9861-652E-4A23-AA07-3B5A6ACF1859}
	EndGlobalSection
	GlobalSection(ExtensibilityGlobals) = postSolution
		SolutionGuid = {32C4269F-FC33-47FA-91DA-2B6C5DF7D025}
	EndGlobalSection
EndGlobal
